<?xml version="1.0" encoding="utf-8"?>
<Project ToolsVersion="15.0" xmlns="http://schemas.microsoft.com/developer/msbuild/2003">
  <ItemGroup>
    <ClCompile Include="E:\work\git\third\xmrig\src\core\Config.cpp">
      <Filter>Source Files</Filter>
    </ClCompile>
    <ClCompile Include="E:\work\git\third\xmrig\src\api\NetworkState.cpp">
      <Filter>Source Files</Filter>
    </ClCompile>
    <ClCompile Include="E:\work\git\third\xmrig\src\App.cpp">
      <Filter>Source Files</Filter>
    </ClCompile>
    <ClCompile Include="E:\work\git\third\xmrig\src\common\config\CommonConfig.cpp">
      <Filter>Source Files</Filter>
    </ClCompile>
    <ClCompile Include="E:\work\git\third\xmrig\src\common\config\ConfigLoader.cpp">
      <Filter>Source Files</Filter>
    </ClCompile>
    <ClCompile Include="E:\work\git\third\xmrig\src\common\config\ConfigWatcher.cpp">
      <Filter>Source Files</Filter>
    </ClCompile>
    <ClCompile Include="E:\work\git\third\xmrig\src\common\Console.cpp">
      <Filter>Source Files</Filter>
    </ClCompile>
    <ClCompile Include="E:\work\git\third\xmrig\src\common\crypto\Algorithm.cpp">
      <Filter>Source Files</Filter>
    </ClCompile>
    <ClCompile Include="E:\work\git\third\xmrig\src\common\crypto\keccak.cpp">
      <Filter>Source Files</Filter>
    </ClCompile>
    <ClCompile Include="E:\work\git\third\xmrig\src\common\log\ConsoleLog.cpp">
      <Filter>Source Files</Filter>
    </ClCompile>
    <ClCompile Include="E:\work\git\third\xmrig\src\common\log\FileLog.cpp">
      <Filter>Source Files</Filter>
    </ClCompile>
    <ClCompile Include="E:\work\git\third\xmrig\src\common\log\Log.cpp">
      <Filter>Source Files</Filter>
    </ClCompile>
    <ClCompile Include="E:\work\git\third\xmrig\src\common\net\Client.cpp">
      <Filter>Source Files</Filter>
    </ClCompile>
    <ClCompile Include="E:\work\git\third\xmrig\src\common\net\Job.cpp">
      <Filter>Source Files</Filter>
    </ClCompile>
    <ClCompile Include="E:\work\git\third\xmrig\src\common\net\Pool.cpp">
      <Filter>Source Files</Filter>
    </ClCompile>
    <ClCompile Include="E:\work\git\third\xmrig\src\common\net\strategies\FailoverStrategy.cpp">
      <Filter>Source Files</Filter>
    </ClCompile>
    <ClCompile Include="E:\work\git\third\xmrig\src\common\net\strategies\SinglePoolStrategy.cpp">
      <Filter>Source Files</Filter>
    </ClCompile>
    <ClCompile Include="E:\work\git\third\xmrig\src\common\net\SubmitResult.cpp">
      <Filter>Source Files</Filter>
    </ClCompile>
    <ClCompile Include="E:\work\git\third\xmrig\src\common\Platform.cpp">
      <Filter>Source Files</Filter>
    </ClCompile>
    <ClCompile Include="E:\work\git\third\xmrig\src\core\Controller.cpp">
      <Filter>Source Files</Filter>
    </ClCompile>
    <ClCompile Include="E:\work\git\third\xmrig\src\Mem.cpp">
      <Filter>Source Files</Filter>
    </ClCompile>
    <ClCompile Include="E:\work\git\third\xmrig\src\net\Network.cpp">
      <Filter>Source Files</Filter>
    </ClCompile>
    <ClCompile Include="E:\work\git\third\xmrig\src\net\strategies\DonateStrategy.cpp">
      <Filter>Source Files</Filter>
    </ClCompile>
    <ClCompile Include="E:\work\git\third\xmrig\src\Summary.cpp">
      <Filter>Source Files</Filter>
    </ClCompile>
    <ClCompile Include="E:\work\git\third\xmrig\src\workers\CpuThread.cpp">
      <Filter>Source Files</Filter>
    </ClCompile>
    <ClCompile Include="E:\work\git\third\xmrig\src\workers\Handle.cpp">
      <Filter>Source Files</Filter>
    </ClCompile>
    <ClCompile Include="E:\work\git\third\xmrig\src\workers\Hashrate.cpp">
      <Filter>Source Files</Filter>
    </ClCompile>
    <ClCompile Include="E:\work\git\third\xmrig\src\workers\MultiWorker.cpp">
      <Filter>Source Files</Filter>
    </ClCompile>
    <ClCompile Include="E:\work\git\third\xmrig\src\workers\Worker.cpp">
      <Filter>Source Files</Filter>
    </ClCompile>
    <ClCompile Include="E:\work\git\third\xmrig\src\workers\Workers.cpp">
      <Filter>Source Files</Filter>
    </ClCompile>
    <ClCompile Include="E:\work\git\third\xmrig\src\xmrig.cpp">
      <Filter>Source Files</Filter>
    </ClCompile>
    <ClCompile Include="E:\work\git\third\xmrig\src\App_win.cpp">
      <Filter>Source Files</Filter>
    </ClCompile>
    <ClCompile Include="E:\work\git\third\xmrig\src\common\Platform_win.cpp">
      <Filter>Source Files</Filter>
    </ClCompile>
    <ClCompile Include="E:\work\git\third\xmrig\src\Cpu_win.cpp">
      <Filter>Source Files</Filter>
    </ClCompile>
    <ClCompile Include="E:\work\git\third\xmrig\src\Mem_win.cpp">
      <Filter>Source Files</Filter>
    </ClCompile>
    <ClCompile Include="E:\work\git\third\xmrig\src\Cpu.cpp">
      <Filter>Source Files</Filter>
    </ClCompile>
    <ClCompile Include="E:\work\git\third\xmrig\src\crypto\c_groestl.c">
      <Filter>Source Files</Filter>
    </ClCompile>
    <ClCompile Include="E:\work\git\third\xmrig\src\crypto\c_blake256.c">
      <Filter>Source Files</Filter>
    </ClCompile>
    <ClCompile Include="E:\work\git\third\xmrig\src\crypto\c_jh.c">
      <Filter>Source Files</Filter>
    </ClCompile>
    <ClCompile Include="E:\work\git\third\xmrig\src\crypto\c_skein.c">
      <Filter>Source Files</Filter>
    </ClCompile>
  </ItemGroup>
  <ItemGroup>
    <ClInclude Include="E:\work\git\third\xmrig\src\api\NetworkState.h">
      <Filter>Header Files</Filter>
    </ClInclude>
    <ClInclude Include="E:\work\git\third\xmrig\src\App.h">
      <Filter>Header Files</Filter>
    </ClInclude>
    <ClInclude Include="E:\work\git\third\xmrig\src\common\config\CommonConfig.h">
      <Filter>Header Files</Filter>
    </ClInclude>
    <ClInclude Include="E:\work\git\third\xmrig\src\common\config\ConfigLoader.h">
      <Filter>Header Files</Filter>
    </ClInclude>
    <ClInclude Include="E:\work\git\third\xmrig\src\common\config\ConfigWatcher.h">
      <Filter>Header Files</Filter>
    </ClInclude>
    <ClInclude Include="E:\work\git\third\xmrig\src\common\Console.h">
      <Filter>Header Files</Filter>
    </ClInclude>
    <ClInclude Include="E:\work\git\third\xmrig\src\common\crypto\Algorithm.h">
      <Filter>Header Files</Filter>
    </ClInclude>
    <ClInclude Include="E:\work\git\third\xmrig\src\common\crypto\keccak.h">
      <Filter>Header Files</Filter>
    </ClInclude>
    <ClInclude Include="E:\work\git\third\xmrig\src\common\log\ConsoleLog.h">
      <Filter>Header Files</Filter>
    </ClInclude>
    <ClInclude Include="E:\work\git\third\xmrig\src\common\log\FileLog.h">
      <Filter>Header Files</Filter>
    </ClInclude>
    <ClInclude Include="E:\work\git\third\xmrig\src\common\log\Log.h">
      <Filter>Header Files</Filter>
    </ClInclude>
    <ClInclude Include="E:\work\git\third\xmrig\src\common\net\Client.h">
      <Filter>Header Files</Filter>
    </ClInclude>
    <ClInclude Include="E:\work\git\third\xmrig\src\common\net\Id.h">
      <Filter>Header Files</Filter>
    </ClInclude>
    <ClInclude Include="E:\work\git\third\xmrig\src\common\net\Job.h">
      <Filter>Header Files</Filter>
    </ClInclude>
    <ClInclude Include="E:\work\git\third\xmrig\src\common\net\Pool.h">
      <Filter>Header Files</Filter>
    </ClInclude>
    <ClInclude Include="E:\work\git\third\xmrig\src\common\net\Storage.h">
      <Filter>Header Files</Filter>
    </ClInclude>
    <ClInclude Include="E:\work\git\third\xmrig\src\common\net\strategies\FailoverStrategy.h">
      <Filter>Header Files</Filter>
    </ClInclude>
    <ClInclude Include="E:\work\git\third\xmrig\src\common\net\strategies\SinglePoolStrategy.h">
      <Filter>Header Files</Filter>
    </ClInclude>
    <ClInclude Include="E:\work\git\third\xmrig\src\common\net\SubmitResult.h">
      <Filter>Header Files</Filter>
    </ClInclude>
    <ClInclude Include="E:\work\git\third\xmrig\src\common\Platform.h">
      <Filter>Header Files</Filter>
    </ClInclude>
    <ClInclude Include="E:\work\git\third\xmrig\src\common\utils\c_str.h">
      <Filter>Header Files</Filter>
    </ClInclude>
    <ClInclude Include="E:\work\git\third\xmrig\src\common\utils\mm_malloc.h">
      <Filter>Header Files</Filter>
    </ClInclude>
    <ClInclude Include="E:\work\git\third\xmrig\src\common\xmrig.h">
      <Filter>Header Files</Filter>
    </ClInclude>
    <ClInclude Include="E:\work\git\third\xmrig\src\core\ConfigLoader_platform.h">
      <Filter>Header Files</Filter>
    </ClInclude>
    <ClInclude Include="E:\work\git\third\xmrig\src\core\Controller.h">
      <Filter>Header Files</Filter>
    </ClInclude>
    <ClInclude Include="E:\work\git\third\xmrig\src\Cpu.h">
      <Filter>Header Files</Filter>
    </ClInclude>
    <ClInclude Include="E:\work\git\third\xmrig\src\interfaces\IClientListener.h">
      <Filter>Header Files</Filter>
    </ClInclude>
    <ClInclude Include="E:\work\git\third\xmrig\src\interfaces\IConfig.h">
      <Filter>Header Files</Filter>
    </ClInclude>
    <ClInclude Include="E:\work\git\third\xmrig\src\interfaces\IConfigCreator.h">
      <Filter>Header Files</Filter>
    </ClInclude>
    <ClInclude Include="E:\work\git\third\xmrig\src\interfaces\IConsoleListener.h">
      <Filter>Header Files</Filter>
    </ClInclude>
    <ClInclude Include="E:\work\git\third\xmrig\src\interfaces\IControllerListener.h">
      <Filter>Header Files</Filter>
    </ClInclude>
    <ClInclude Include="E:\work\git\third\xmrig\src\interfaces\IJobResultListener.h">
      <Filter>Header Files</Filter>
    </ClInclude>
    <ClInclude Include="E:\work\git\third\xmrig\src\interfaces\ILogBackend.h">
      <Filter>Header Files</Filter>
    </ClInclude>
    <ClInclude Include="E:\work\git\third\xmrig\src\interfaces\IStrategy.h">
      <Filter>Header Files</Filter>
    </ClInclude>
    <ClInclude Include="E:\work\git\third\xmrig\src\interfaces\IStrategyListener.h">
      <Filter>Header Files</Filter>
    </ClInclude>
    <ClInclude Include="E:\work\git\third\xmrig\src\interfaces\IThread.h">
      <Filter>Header Files</Filter>
    </ClInclude>
    <ClInclude Include="E:\work\git\third\xmrig\src\interfaces\IWatcherListener.h">
      <Filter>Header Files</Filter>
    </ClInclude>
    <ClInclude Include="E:\work\git\third\xmrig\src\interfaces\IWorker.h">
      <Filter>Header Files</Filter>
    </ClInclude>
    <ClInclude Include="E:\work\git\third\xmrig\src\Mem.h">
      <Filter>Header Files</Filter>
    </ClInclude>
    <ClInclude Include="E:\work\git\third\xmrig\src\net\JobResult.h">
      <Filter>Header Files</Filter>
    </ClInclude>
    <ClInclude Include="E:\work\git\third\xmrig\src\net\Network.h">
      <Filter>Header Files</Filter>
    </ClInclude>
    <ClInclude Include="E:\work\git\third\xmrig\src\net\strategies\DonateStrategy.h">
      <Filter>Header Files</Filter>
    </ClInclude>
    <ClInclude Include="E:\work\git\third\xmrig\src\Summary.h">
      <Filter>Header Files</Filter>
    </ClInclude>
    <ClInclude Include="E:\work\git\third\xmrig\src\version.h">
      <Filter>Header Files</Filter>
    </ClInclude>
    <ClInclude Include="E:\work\git\third\xmrig\src\workers\CpuThread.h">
      <Filter>Header Files</Filter>
    </ClInclude>
    <ClInclude Include="E:\work\git\third\xmrig\src\workers\Handle.h">
      <Filter>Header Files</Filter>
    </ClInclude>
    <ClInclude Include="E:\work\git\third\xmrig\src\workers\Hashrate.h">
      <Filter>Header Files</Filter>
    </ClInclude>
    <ClInclude Include="E:\work\git\third\xmrig\src\workers\MultiWorker.h">
      <Filter>Header Files</Filter>
    </ClInclude>
    <ClInclude Include="E:\work\git\third\xmrig\src\workers\Worker.h">
      <Filter>Header Files</Filter>
    </ClInclude>
    <ClInclude Include="E:\work\git\third\xmrig\src\workers\Workers.h">
      <Filter>Header Files</Filter>
    </ClInclude>
    <ClInclude Include="E:\work\git\third\xmrig\src\crypto\c_blake256.h">
      <Filter>Header Files</Filter>
    </ClInclude>
    <ClInclude Include="E:\work\git\third\xmrig\src\crypto\c_groestl.h">
      <Filter>Header Files</Filter>
    </ClInclude>
    <ClInclude Include="E:\work\git\third\xmrig\src\crypto\c_jh.h">
      <Filter>Header Files</Filter>
    </ClInclude>
    <ClInclude Include="E:\work\git\third\xmrig\src\crypto\c_skein.h">
      <Filter>Header Files</Filter>
    </ClInclude>
    <ClInclude Include="E:\work\git\third\xmrig\src\crypto\CryptoNight.h">
      <Filter>Header Files</Filter>
    </ClInclude>
    <ClInclude Include="E:\work\git\third\xmrig\src\crypto\CryptoNight_constants.h">
      <Filter>Header Files</Filter>
    </ClInclude>
    <ClInclude Include="E:\work\git\third\xmrig\src\crypto\CryptoNight_monero.h">
      <Filter>Header Files</Filter>
    </ClInclude>
    <ClInclude Include="E:\work\git\third\xmrig\src\crypto\CryptoNight_test.h">
      <Filter>Header Files</Filter>
    </ClInclude>
    <ClInclude Include="E:\work\git\third\xmrig\src\crypto\groestl_tables.h">
      <Filter>Header Files</Filter>
    </ClInclude>
    <ClInclude Include="E:\work\git\third\xmrig\src\crypto\hash.h">
      <Filter>Header Files</Filter>
    </ClInclude>
    <ClInclude Include="E:\work\git\third\xmrig\src\crypto\skein_port.h">
      <Filter>Header Files</Filter>
    </ClInclude>
    <ClInclude Include="E:\work\git\third\xmrig\src\crypto\soft_aes.h">
      <Filter>Header Files</Filter>
    </ClInclude>
    <ClInclude Include="E:\work\git\third\xmrig\src\crypto\CryptoNight_arm.h">
      <Filter>Header Files</Filter>
    </ClInclude>
  </ItemGroup>
  <ItemGroup>
    <CustomBuild Include="E:\work\git\third\xmrig\CMakeLists.txt" />
  </ItemGroup>
  <ItemGroup>
    <ResourceCompile Include="E:\work\git\third\xmrig\res\app.rc">
      <Filter>Source Files</Filter>
    </ResourceCompile>
  </ItemGroup>
  <ItemGroup>
    <Filter Include="Header Files">
      <UniqueIdentifier>{A2410D65-EE55-37DD-8AB8-C5221A61AC56}</UniqueIdentifier>
    </Filter>
    <Filter Include="Source Files">
      <UniqueIdentifier>{E17A0784-2367-3583-A695-78B5CBE4447E}</UniqueIdentifier>
    </Filter>
  </ItemGroup>
</Project>
